
Microsoft Visual Studio Solution File, Format Version 12.00
# Visual Studio Version 17
VisualStudioVersion = 17.13.35931.197
MinimumVisualStudioVersion = 10.0.40219.1
Project("{54A90642-561A-4BB1-A94E-469ADEE60C69}") = "RegistroEstudiantil.Client", "RegistroEstudiantil.Client\RegistroEstudiantil.Client.esproj", "{F79E0167-F3E3-7648-7FAD-4A2DB8CCA373}"
EndProject
Project("{FAE04EC0-301F-11D3-BF4B-00C04F79EFBC}") = "RegistroEstudiantil.Server", "RegistroEstudiantil.Server\RegistroEstudiantil.Server.csproj", "{5A4D36B4-6348-46C7-9BF1-AC2C76FE2990}"
EndProject
Project("{2150E333-8FDC-42A3-9474-1A3956D46DE8}") = "1.Front-End", "1.Front-End", "{02EA681E-C7D8-13C7-8484-4AC65E1B71E8}"
EndProject
Project("{2150E333-8FDC-42A3-9474-1A3956D46DE8}") = "2.Back-End", "2.Back-End", "{EC74CD19-FCAE-46DB-B323-7C8B7E132B46}"
EndProject
Project("{FAE04EC0-301F-11D3-BF4B-00C04F79EFBC}") = "RegistroEstudiantil.Application", "RegistroEstudiantil.Application\RegistroEstudiantil.Application.csproj", "{FF25924D-BE9A-4C91-BF97-56C119C9A217}"
EndProject
Project("{FAE04EC0-301F-11D3-BF4B-00C04F79EFBC}") = "RegistroEstudiantil.Domain", "RegistroEstudiantil.Domain\RegistroEstudiantil.Domain.csproj", "{6C571212-B768-4640-8B11-480434076C2B}"
EndProject
Project("{FAE04EC0-301F-11D3-BF4B-00C04F79EFBC}") = "RegistroEstudiantil.Infrastructure", "RegistroEstudiantil.Infrastructure\RegistroEstudiantil.Infrastructure.csproj", "{01CC8BC0-FFBF-4612-B098-1F67021B5399}"
EndProject
Global
	GlobalSection(SolutionConfigurationPlatforms) = preSolution
		Debug|Any CPU = Debug|Any CPU
		Debug|x64 = Debug|x64
		Debug|x86 = Debug|x86
		Release|Any CPU = Release|Any CPU
		Release|x64 = Release|x64
		Release|x86 = Release|x86
	EndGlobalSection
	GlobalSection(ProjectConfigurationPlatforms) = postSolution
		{F79E0167-F3E3-7648-7FAD-4A2DB8CCA373}.Debug|Any CPU.ActiveCfg = Debug|Any CPU
		{F79E0167-F3E3-7648-7FAD-4A2DB8CCA373}.Debug|Any CPU.Build.0 = Debug|Any CPU
		{F79E0167-F3E3-7648-7FAD-4A2DB8CCA373}.Debug|Any CPU.Deploy.0 = Debug|Any CPU
		{F79E0167-F3E3-7648-7FAD-4A2DB8CCA373}.Debug|x64.ActiveCfg = Debug|x64
		{F79E0167-F3E3-7648-7FAD-4A2DB8CCA373}.Debug|x86.ActiveCfg = Debug|x86
		{F79E0167-F3E3-7648-7FAD-4A2DB8CCA373}.Release|Any CPU.ActiveCfg = Release|Any CPU
		{F79E0167-F3E3-7648-7FAD-4A2DB8CCA373}.Release|Any CPU.Build.0 = Release|Any CPU
		{F79E0167-F3E3-7648-7FAD-4A2DB8CCA373}.Release|Any CPU.Deploy.0 = Release|Any CPU
		{F79E0167-F3E3-7648-7FAD-4A2DB8CCA373}.Release|x64.ActiveCfg = Release|x64
		{F79E0167-F3E3-7648-7FAD-4A2DB8CCA373}.Release|x86.ActiveCfg = Release|x86
		{5A4D36B4-6348-46C7-9BF1-AC2C76FE2990}.Debug|Any CPU.ActiveCfg = Debug|Any CPU
		{5A4D36B4-6348-46C7-9BF1-AC2C76FE2990}.Debug|Any CPU.Build.0 = Debug|Any CPU
		{5A4D36B4-6348-46C7-9BF1-AC2C76FE2990}.Debug|x64.ActiveCfg = Debug|Any CPU
		{5A4D36B4-6348-46C7-9BF1-AC2C76FE2990}.Debug|x64.Build.0 = Debug|Any CPU
		{5A4D36B4-6348-46C7-9BF1-AC2C76FE2990}.Debug|x86.ActiveCfg = Debug|Any CPU
		{5A4D36B4-6348-46C7-9BF1-AC2C76FE2990}.Debug|x86.Build.0 = Debug|Any CPU
		{5A4D36B4-6348-46C7-9BF1-AC2C76FE2990}.Release|Any CPU.ActiveCfg = Release|Any CPU
		{5A4D36B4-6348-46C7-9BF1-AC2C76FE2990}.Release|Any CPU.Build.0 = Release|Any CPU
		{5A4D36B4-6348-46C7-9BF1-AC2C76FE2990}.Release|x64.ActiveCfg = Release|Any CPU
		{5A4D36B4-6348-46C7-9BF1-AC2C76FE2990}.Release|x64.Build.0 = Release|Any CPU
		{5A4D36B4-6348-46C7-9BF1-AC2C76FE2990}.Release|x86.ActiveCfg = Release|Any CPU
		{5A4D36B4-6348-46C7-9BF1-AC2C76FE2990}.Release|x86.Build.0 = Release|Any CPU
		{FF25924D-BE9A-4C91-BF97-56C119C9A217}.Debug|Any CPU.ActiveCfg = Debug|Any CPU
		{FF25924D-BE9A-4C91-BF97-56C119C9A217}.Debug|Any CPU.Build.0 = Debug|Any CPU
		{FF25924D-BE9A-4C91-BF97-56C119C9A217}.Debug|x64.ActiveCfg = Debug|Any CPU
		{FF25924D-BE9A-4C91-BF97-56C119C9A217}.Debug|x64.Build.0 = Debug|Any CPU
		{FF25924D-BE9A-4C91-BF97-56C119C9A217}.Debug|x86.ActiveCfg = Debug|Any CPU
		{FF25924D-BE9A-4C91-BF97-56C119C9A217}.Debug|x86.Build.0 = Debug|Any CPU
		{FF25924D-BE9A-4C91-BF97-56C119C9A217}.Release|Any CPU.ActiveCfg = Release|Any CPU
		{FF25924D-BE9A-4C91-BF97-56C119C9A217}.Release|Any CPU.Build.0 = Release|Any CPU
		{FF25924D-BE9A-4C91-BF97-56C119C9A217}.Release|x64.ActiveCfg = Release|Any CPU
		{FF25924D-BE9A-4C91-BF97-56C119C9A217}.Release|x64.Build.0 = Release|Any CPU
		{FF25924D-BE9A-4C91-BF97-56C119C9A217}.Release|x86.ActiveCfg = Release|Any CPU
		{FF25924D-BE9A-4C91-BF97-56C119C9A217}.Release|x86.Build.0 = Release|Any CPU
		{6C571212-B768-4640-8B11-480434076C2B}.Debug|Any CPU.ActiveCfg = Debug|Any CPU
		{6C571212-B768-4640-8B11-480434076C2B}.Debug|Any CPU.Build.0 = Debug|Any CPU
		{6C571212-B768-4640-8B11-480434076C2B}.Debug|x64.ActiveCfg = Debug|Any CPU
		{6C571212-B768-4640-8B11-480434076C2B}.Debug|x64.Build.0 = Debug|Any CPU
		{6C571212-B768-4640-8B11-480434076C2B}.Debug|x86.ActiveCfg = Debug|Any CPU
		{6C571212-B768-4640-8B11-480434076C2B}.Debug|x86.Build.0 = Debug|Any CPU
		{6C571212-B768-4640-8B11-480434076C2B}.Release|Any CPU.ActiveCfg = Release|Any CPU
		{6C571212-B768-4640-8B11-480434076C2B}.Release|Any CPU.Build.0 = Release|Any CPU
		{6C571212-B768-4640-8B11-480434076C2B}.Release|x64.ActiveCfg = Release|Any CPU
		{6C571212-B768-4640-8B11-480434076C2B}.Release|x64.Build.0 = Release|Any CPU
		{6C571212-B768-4640-8B11-480434076C2B}.Release|x86.ActiveCfg = Release|Any CPU
		{6C571212-B768-4640-8B11-480434076C2B}.Release|x86.Build.0 = Release|Any CPU
		{01CC8BC0-FFBF-4612-B098-1F67021B5399}.Debug|Any CPU.ActiveCfg = Debug|Any CPU
		{01CC8BC0-FFBF-4612-B098-1F67021B5399}.Debug|Any CPU.Build.0 = Debug|Any CPU
		{01CC8BC0-FFBF-4612-B098-1F67021B5399}.Debug|x64.ActiveCfg = Debug|Any CPU
		{01CC8BC0-FFBF-4612-B098-1F67021B5399}.Debug|x64.Build.0 = Debug|Any CPU
		{01CC8BC0-FFBF-4612-B098-1F67021B5399}.Debug|x86.ActiveCfg = Debug|Any CPU
		{01CC8BC0-FFBF-4612-B098-1F67021B5399}.Debug|x86.Build.0 = Debug|Any CPU
		{01CC8BC0-FFBF-4612-B098-1F67021B5399}.Release|Any CPU.ActiveCfg = Release|Any CPU
		{01CC8BC0-FFBF-4612-B098-1F67021B5399}.Release|Any CPU.Build.0 = Release|Any CPU
		{01CC8BC0-FFBF-4612-B098-1F67021B5399}.Release|x64.ActiveCfg = Release|Any CPU
		{01CC8BC0-FFBF-4612-B098-1F67021B5399}.Release|x64.Build.0 = Release|Any CPU
		{01CC8BC0-FFBF-4612-B098-1F67021B5399}.Release|x86.ActiveCfg = Release|Any CPU
		{01CC8BC0-FFBF-4612-B098-1F67021B5399}.Release|x86.Build.0 = Release|Any CPU
	EndGlobalSection
	GlobalSection(SolutionProperties) = preSolution
		HideSolutionNode = FALSE
	EndGlobalSection
	GlobalSection(NestedProjects) = preSolution
		{F79E0167-F3E3-7648-7FAD-4A2DB8CCA373} = {02EA681E-C7D8-13C7-8484-4AC65E1B71E8}
		{5A4D36B4-6348-46C7-9BF1-AC2C76FE2990} = {EC74CD19-FCAE-46DB-B323-7C8B7E132B46}
		{FF25924D-BE9A-4C91-BF97-56C119C9A217} = {EC74CD19-FCAE-46DB-B323-7C8B7E132B46}
		{6C571212-B768-4640-8B11-480434076C2B} = {EC74CD19-FCAE-46DB-B323-7C8B7E132B46}
		{01CC8BC0-FFBF-4612-B098-1F67021B5399} = {EC74CD19-FCAE-46DB-B323-7C8B7E132B46}
	EndGlobalSection
	GlobalSection(ExtensibilityGlobals) = postSolution
		SolutionGuid = {2FA90876-7191-455F-9DB3-CD3B70175607}
	EndGlobalSection
EndGlobal

